// !$*UTF8*$!
{
	archiveVersion = 1;
	classes = {
	};
	objectVersion = 46;
	objects = {

/* Begin PBXBuildFile section */
		97F788061C6138A1009D523B /* AppDelegate.swift in Sources */ = {isa = PBXBuildFile; fileRef = 97F788051C6138A1009D523B /* AppDelegate.swift */; };
		97F788081C6138A1009D523B /* ViewController.swift in Sources */ = {isa = PBXBuildFile; fileRef = 97F788071C6138A1009D523B /* ViewController.swift */; };
		97F7880B1C6138A1009D523B /* Main.storyboard in Resources */ = {isa = PBXBuildFile; fileRef = 97F788091C6138A1009D523B /* Main.storyboard */; };
		97F7880D1C6138A1009D523B /* Assets.xcassets in Resources */ = {isa = PBXBuildFile; fileRef = 97F7880C1C6138A1009D523B /* Assets.xcassets */; };
		97F788101C6138A1009D523B /* LaunchScreen.storyboard in Resources */ = {isa = PBXBuildFile; fileRef = 97F7880E1C6138A1009D523B /* LaunchScreen.storyboard */; };
/* End PBXBuildFile section */

/* Begin PBXFileReference section */
		97F788021C6138A1009D523B /* playingWithMaterial.app */ = {isa = PBXFileReference; explicitFileType = wrapper.application; includeInIndex = 0; path = playingWithMaterial.app; sourceTree = BUILT_PRODUCTS_DIR; };
		97F788051C6138A1009D523B /* AppDelegate.swift */ = {isa = PBXFileReference; lastKnownFileType = sourcecode.swift; path = AppDelegate.swift; sourceTree = "<group>"; };
		97F788071C6138A1009D523B /* ViewController.swift */ = {isa = PBXFileReference; lastKnownFileType = sourcecode.swift; path = ViewController.swift; sourceTree = "<group>"; };
		97F7880A1C6138A1009D523B /* Base */ = {isa = PBXFileReference; lastKnownFileType = file.storyboard; name = Base; path = Base.lproj/Main.storyboard; sourceTree = "<group>"; };
		97F7880C1C6138A1009D523B /* Assets.xcassets */ = {isa = PBXFileReference; lastKnownFileType = folder.assetcatalog; path = Assets.xcassets; sourceTree = "<group>"; };
		97F7880F1C6138A1009D523B /* Base */ = {isa = PBXFileReference; lastKnownFileType = file.storyboard; name = Base; path = Base.lproj/LaunchScreen.storyboard; sourceTree = "<group>"; };
		97F788111C6138A1009D523B /* Info.plist */ = {isa = PBXFileReference; lastKnownFileType = text.plist.xml; path = Info.plist; sourceTree = "<group>"; };
/* End PBXFileReference section */

/* Begin PBXFrameworksBuildPhase section */
		97F787FF1C6138A1009D523B /* Frameworks */ = {
			isa = PBXFrameworksBuildPhase;
			buildActionMask = 2147483647;
			files = (
			);
			runOnlyForDeploymentPostprocessing = 0;
		};
/* End PBXFrameworksBuildPhase section */

/* Begin PBXGroup section */
		97F787F91C6138A1009D523B = {
			isa = PBXGroup;
			children = (
				97F788041C6138A1009D523B /* playingWithMaterial */,
				97F788031C6138A1009D523B /* Products */,
			);
			sourceTree = "<group>";
		};
		97F788031C6138A1009D523B /* Products */ = {
			isa = PBXGroup;
			children = (
				97F788021C6138A1009D523B /* playingWithMaterial.app */,
			);
			name = Products;
			sourceTree = "<group>";
		};
		97F788041C6138A1009D523B /* playingWithMaterial */ = {
			isa = PBXGroup;
			children = (
				97F788051C6138A1009D523B /* AppDelegate.swift */,
				97F788071C6138A1009D523B /* ViewController.swift */,
				97F788091C6138A1009D523B /* Main.storyboard */,
				97F7880C1C6138A1009D523B /* Assets.xcassets */,
				97F7880E1C6138A1009D523B /* LaunchScreen.storyboard */,
				97F788111C6138A1009D523B /* Info.plist */,
			);
			path = playingWithMaterial;
			sourceTree = "<group>";
		};
/* End PBXGroup section */

/* Begin PBXNativeTarget section */
		97F788011C6138A1009D523B /* playingWithMaterial */ = {
			isa = PBXNativeTarget;
			buildConfigurationList = 97F788141C6138A1009D523B /* Build configuration list for PBXNativeTarget "playingWithMaterial" */;
			buildPhases = (
				97F787FE1C6138A1009D523B /* Sources */,
				97F787FF1C6138A1009D523B /* Frameworks */,
				97F788001C6138A1009D523B /* Resources */,
			);
			buildRules = (
			);
			dependencies = (
			);
			name = playingWithMaterial;
			productName = playingWithMaterial;
			productReference = 97F788021C6138A1009D523B /* playingWithMaterial.app */;
			productType = "com.apple.product-type.application";
		};
/* End PBXNativeTarget section */

/* Begin PBXProject section */
		97F787FA1C6138A1009D523B /* Project object */ = {
			isa = PBXProject;
			attributes = {
				LastSwiftUpdateCheck = 0720;
				LastUpgradeCheck = 0720;
				ORGANIZATIONNAME = "Anne Cahalan";
				TargetAttributes = {
					97F788011C6138A1009D523B = {
						CreatedOnToolsVersion = 7.2;
					};
				};
			};
			buildConfigurationList = 97F787FD1C6138A1009D523B /* Build configuration list for PBXProject "playingWithMaterial" */;
			compatibilityVersion = "Xcode 3.2";
			developmentRegion = English;
			hasScannedForEncodings = 0;
			knownRegions = (
				en,
				Base,
			);
			mainGroup = 97F787F91C6138A1009D523B;
			productRefGroup = 97F788031C6138A1009D523B /* Products */;
			projectDirPath = "";
			projectRoot = "";
			targets = (
				97F788011C6138A1009D523B /* playingWithMaterial */,
			);
		};
/* End PBXProject section */

/* Begin PBXResourcesBuildPhase section */
		97F788001C6138A1009D523B /* Resources */ = {
			isa = PBXResourcesBuildPhase;
			buildActionMask = 2147483647;
			files = (
				97F788101C6138A1009D523B /* LaunchScreen.storyboard in Resources */,
				97F7880D1C6138A1009D523B /* Assets.xcassets in Resources */,
				97F7880B1C6138A1009D523B /* Main.storyboard in Resources */,
			);
			runOnlyForDeploymentPostprocessing = 0;
		};
/* End PBXResourcesBuildPhase section */

/* Begin PBXSourcesBuildPhase section */
		97F787FE1C6138A1009D523B /* Sources */ = {
			isa = PBXSourcesBuildPhase;
			buildActionMask = 2147483647;
			files = (
				97F788081C6138A1009D523B /* ViewController.swift in Sources */,
				97F788061C6138A1009D523B /* AppDelegate.swift in Sources */,
			);
			runOnlyForDeploymentPostprocessing = 0;
		};
/* End PBXSourcesBuildPhase section */

/* Begin PBXVariantGroup section */
		97F788091C6138A1009D523B /* Main.storyboard */ = {
			isa = PBXVariantGroup;
			children = (
				97F7880A1C6138A1009D523B /* Base */,
			);
			name = Main.storyboard;
			sourceTree = "<group>";
		};
		97F7880E1C6138A1009D523B /* LaunchScreen.storyboard */ = {
			isa = PBXVariantGroup;
			children = (
				97F7880F1C6138A1009D523B /* Base */,
			);
			name = LaunchScreen.storyboard;
			sourceTree = "<group>";
		};
/* End PBXVariantGroup section */

/* Begin XCBuildConfiguration section */
		97F788121C6138A1009D523B /* Debug */ = {
			isa = XCBuildConfiguration;
			buildSettings = {
				ALWAYS_SEARCH_USER_PATHS = NO;
				CLANG_CXX_LANGUAGE_STANDARD = "gnu++0x";
				CLANG_CXX_LIBRARY = "libc++";
				CLANG_ENABLE_MODULES = YES;
				CLANG_ENABLE_OBJC_ARC = YES;
				CLANG_WARN_BOOL_CONVERSION = YES;
				CLANG_WARN_CONSTANT_CONVERSION = YES;
				CLANG_WARN_DIRECT_OBJC_ISA_USAGE = YES_ERROR;
				CLANG_WARN_EMPTY_BODY = YES;
				CLANG_WARN_ENUM_CONVERSION = YES;
				CLANG_WARN_INT_CONVERSION = YES;
				CLANG_WARN_OBJC_ROOT_CLASS = YES_ERROR;
				CLANG_WARN_UNREACHABLE_CODE = YES;
				CLANG_WARN__DUPLICATE_METHOD_MATCH = YES;
				"CODE_SIGN_IDENTITY[sdk=iphoneos*]" = "iPhone Developer";
				COPY_PHASE_STRIP = NO;
				DEBUG_INFORMATION_FORMAT = dwarf;
				ENABLE_STRICT_OBJC_MSGSEND = YES;
				ENABLE_TESTABILITY = YES;
				GCC_C_LANGUAGE_STANDARD = gnu99;
				GCC_DYNAMIC_NO_PIC = NO;
				GCC_NO_COMMON_BLOCKS = YES;
				GCC_OPTIMIZATION_LEVEL = 0;
				GCC_PREPROCESSOR_DEFINITIONS = (
					"DEBUG=1",
					"$(inherited)",
				);
				GCC_WARN_64_TO_32_BIT_CONVERSION = YES;
				GCC_WARN_ABOUT_RETURN_TYPE = YES_ERROR;
				GCC_WARN_UNDECLARED_SELECTOR = YES;
				GCC_WARN_UNINITIALIZED_AUTOS = YES_AGGRESSIVE;
				GCC_WARN_UNUSED_FUNCTION = YES;
				GCC_WARN_UNUSED_VARIABLE = YES;
				IPHONEOS_DEPLOYMENT_TARGET = 9.2;
				MTL_ENABLE_DEBUG_INFO = YES;
				ONLY_ACTIVE_ARCH = YES;
				SDKROOT = iphoneos;
				SWIFT_OPTIMIZATION_LEVEL = "-Onone";
			};
			name = Debug;
		};
		97F788131C6138A1009D523B /* Release */ = {
			isa = XCBuildConfiguration;
			buildSettings = {
				ALWAYS_SEARCH_USER_PATHS = NO;
				CLANG_CXX_LANGUAGE_STANDARD = "gnu++0x";
				CLANG_CXX_LIBRARY = "libc++";
				CLANG_ENABLE_MODULES = YES;
				CLANG_ENABLE_OBJC_ARC = YES;
				CLANG_WARN_BOOL_CONVERSION = YES;
				CLANG_WARN_CONSTANT_CONVERSION = YES;
				CLANG_WARN_DIRECT_OBJC_ISA_USAGE = YES_ERROR;
				CLANG_WARN_EMPTY_BODY = YES;
				CLANG_WARN_ENUM_CONVERSION = YES;
				CLANG_WARN_INT_CONVERSION = YES;
				CLANG_WARN_OBJC_ROOT_CLASS = YES_ERROR;
				CLANG_WARN_UNREACHABLE_CODE = YES;
				CLANG_WARN__DUPLICATE_METHOD_MATCH = YES;
				"CODE_SIGN_IDENTITY[sdk=iphoneos*]" = "iPhone Developer";
				COPY_PHASE_STRIP = NO;
				DEBUG_INFORMATION_FORMAT = "dwarf-with-dsym";
				ENABLE_NS_ASSERTIONS = NO;
				ENABLE_STRICT_OBJC_MSGSEND = YES;
				GCC_C_LANGUAGE_STANDARD = gnu99;
				GCC_NO_COMMON_BLOCKS = YES;
				GCC_WARN_64_TO_32_BIT_CONVERSION = YES;
				GCC_WARN_ABOUT_RETURN_TYPE = YES_ERROR;
				GCC_WARN_UNDECLARED_SELECTOR = YES;
				GCC_WARN_UNINITIALIZED_AUTOS = YES_AGGRESSIVE;
				GCC_WARN_UNUSED_FUNCTION = YES;
				GCC_WARN_UNUSED_VARIABLE = YES;
				IPHONEOS_DEPLOYMENT_TARGET = 9.2;
				MTL_ENABLE_DEBUG_INFO = NO;
				SDKROOT = iphoneos;
				VALIDATE_PRODUCT = YES;
			};
			name = Release;
		};
		97F788151C6138A1009D523B /* Debug */ = {
			isa = XCBuildConfiguration;
			buildSettings = {
				ASSETCATALOG_COMPILER_APPICON_NAME = AppIcon;
				INFOPLIST_FILE = playingWithMaterial/Info.plist;
				LD_RUNPATH_SEARCH_PATHS = "$(inherited) @executable_path/Frameworks";
				PRODUCT_BUNDLE_IDENTIFIER = com.DetroitLabs.playingWithMaterial;
				PRODUCT_NAME = "$(TARGET_NAME)";
			};
			name = Debug;
		};
		97F788161C6138A1009D523B /* Release */ = {
			isa = XCBuildConfiguration;
			buildSettings = {
				ASSETCATALOG_COMPILER_APPICON_NAME = AppIcon;
				INFOPLIST_FILE = playingWithMaterial/Info.plist;
				LD_RUNPATH_SEARCH_PATHS = "$(inherited) @executable_path/Frameworks";
				PRODUCT_BUNDLE_IDENTIFIER = com.DetroitLabs.playingWithMaterial;
				PRODUCT_NAME = "$(TARGET_NAME)";
			};
			name = Release;
		};
/* End XCBuildConfiguration section */

/* Begin XCConfigurationList section */
		97F787FD1C6138A1009D523B /* Build configuration list for PBXProject "playingWithMaterial" */ = {
			isa = XCConfigurationList;
			buildConfigurations = (
				97F788121C6138A1009D523B /* Debug */,
				97F788131C6138A1009D523B /* Release */,
			);
			defaultConfigurationIsVisible = 0;
			defaultConfigurationName = Release;
		};
		97F788141C6138A1009D523B /* Build configuration list for PBXNativeTarget "playingWithMaterial" */ = {
			isa = XCConfigurationList;
			buildConfigurations = (
				97F788151C6138A1009D523B /* Debug */,
				97F788161C6138A1009D523B /* Release */,
			);
			defaultConfigurationIsVisible = 0;
		};
/* End XCConfigurationList section */
	};
	rootObject = 97F787FA1C6138A1009D523B /* Project object */;
}
